
Microsoft Visual Studio Solution File, Format Version 12.00
# Visual Studio Version 17
VisualStudioVersion = 17.13.35825.156
MinimumVisualStudioVersion = 10.0.40219.1
Project("{FAE04EC0-301F-11D3-BF4B-00C04F79EFBC}") = "CollegeAcadimcManagementSystem.API", "src\CollegeAcadimcManagementSystem.API\CollegeAcadimcManagementSystem.API.csproj", "{12DC5BC0-FC79-4696-B274-BC74D55A27BA}"
EndProject
Project("{FAE04EC0-301F-11D3-BF4B-00C04F79EFBC}") = "CollegeAcadimcManagementSystem.EF", "src\CollegeAcadimcManagementSystem.EF\CollegeAcadimcManagementSystem.EF.csproj", "{4D62253A-8EA8-4EAE-94C5-4B7DECABC686}"
EndProject
Project("{FAE04EC0-301F-11D3-BF4B-00C04F79EFBC}") = "CollegeAcadimcManagementSystem.Core", "src\CollegeAcadimcManagementSystem.Core\CollegeAcadimcManagementSystem.Core.csproj", "{7C8B3CC9-2B5E-474B-9B27-AFC89D099F30}"
EndProject
Project("{2150E333-8FDC-42A3-9474-1A3956D46DE8}") = "Solution Items", "Solution Items", "{8EC462FD-D22E-90A8-E5CE-7E832BA40C5D}"
	ProjectSection(SolutionItems) = preProject
		README.md = README.md
	EndProjectSection
EndProject
Global
	GlobalSection(SolutionConfigurationPlatforms) = preSolution
		Debug|Any CPU = Debug|Any CPU
		Release|Any CPU = Release|Any CPU
	EndGlobalSection
	GlobalSection(ProjectConfigurationPlatforms) = postSolution
		{12DC5BC0-FC79-4696-B274-BC74D55A27BA}.Debug|Any CPU.ActiveCfg = Debug|Any CPU
		{12DC5BC0-FC79-4696-B274-BC74D55A27BA}.Debug|Any CPU.Build.0 = Debug|Any CPU
		{12DC5BC0-FC79-4696-B274-BC74D55A27BA}.Release|Any CPU.ActiveCfg = Release|Any CPU
		{12DC5BC0-FC79-4696-B274-BC74D55A27BA}.Release|Any CPU.Build.0 = Release|Any CPU
		{4D62253A-8EA8-4EAE-94C5-4B7DECABC686}.Debug|Any CPU.ActiveCfg = Debug|Any CPU
		{4D62253A-8EA8-4EAE-94C5-4B7DECABC686}.Debug|Any CPU.Build.0 = Debug|Any CPU
		{4D62253A-8EA8-4EAE-94C5-4B7DECABC686}.Release|Any CPU.ActiveCfg = Release|Any CPU
		{4D62253A-8EA8-4EAE-94C5-4B7DECABC686}.Release|Any CPU.Build.0 = Release|Any CPU
		{7C8B3CC9-2B5E-474B-9B27-AFC89D099F30}.Debug|Any CPU.ActiveCfg = Debug|Any CPU
		{7C8B3CC9-2B5E-474B-9B27-AFC89D099F30}.Debug|Any CPU.Build.0 = Debug|Any CPU
		{7C8B3CC9-2B5E-474B-9B27-AFC89D099F30}.Release|Any CPU.ActiveCfg = Release|Any CPU
		{7C8B3CC9-2B5E-474B-9B27-AFC89D099F30}.Release|Any CPU.Build.0 = Release|Any CPU
	EndGlobalSection
	GlobalSection(SolutionProperties) = preSolution
		HideSolutionNode = FALSE
	EndGlobalSection
	GlobalSection(ExtensibilityGlobals) = postSolution
		SolutionGuid = {E26DB920-764D-49A2-8C4C-AC5D05DDAFFC}
	EndGlobalSection
EndGlobal
